
Microsoft Visual Studio Solution File, Format Version 12.00
# Visual Studio Version 16
VisualStudioVersion = 16.0.31624.102
MinimumVisualStudioVersion = 10.0.40219.1
Project("{FAE04EC0-301F-11D3-BF4B-00C04F79EFBC}") = "ReportProject", "ReportProject\ReportProject.csproj", "{1B54199A-B92D-45C9-AB9C-7B816BC16F10}"
EndProject
Global
	GlobalSection(SolutionConfigurationPlatforms) = preSolution
		Debug|Any CPU = Debug|Any CPU
		Release|Any CPU = Release|Any CPU
	EndGlobalSection
	GlobalSection(ProjectConfigurationPlatforms) = postSolution
		{1B54199A-B92D-45C9-AB9C-7B816BC16F10}.Debug|Any CPU.ActiveCfg = Debug|Any CPU
		{1B54199A-B92D-45C9-AB9C-7B816BC16F10}.Debug|Any CPU.Build.0 = Debug|Any CPU
		{1B54199A-B92D-45C9-AB9C-7B816BC16F10}.Release|Any CPU.ActiveCfg = Release|Any CPU
		{1B54199A-B92D-45C9-AB9C-7B816BC16F10}.Release|Any CPU.Build.0 = Release|Any CPU
	EndGlobalSection
	GlobalSection(SolutionProperties) = preSolution
		HideSolutionNode = FALSE
	EndGlobalSection
	GlobalSection(ExtensibilityGlobals) = postSolution
		SolutionGuid = {A199FDA0-5C31-4037-8EFE-09659A4A30E4}
	EndGlobalSection
EndGlobal
